# THIS IS AN AUTOGENERATED FILE. DO NOT EDIT THIS FILE DIRECTLY.
# yarn lockfile v1


"@assemblyscript/loader@^0.9.0":
  version "0.9.4"
  resolved "https://registry.yarnpkg.com/@assemblyscript/loader/-/loader-0.9.4.tgz#a483c54c1253656bb33babd464e3154a173e1577"
  integrity sha512-HazVq9zwTVwGmqdwYzu7WyQ6FQVZ7SwET0KKQuKm55jD0IfUpZgN0OPIiZG3zV1iSrVYcN0bdwLRXI/VNCYsUA==

assemblyscript@0.12.5:
  version "0.12.5"
  resolved "https://registry.yarnpkg.com/assemblyscript/-/assemblyscript-0.12.5.tgz#69510741bfc5ce31c15682def7280f7ed9d8eddd"
  integrity sha512-dCRudCG6Wj0aH+03M55czf16+KO5RZBf1MKCbAEemrKuVqRaMduP5KeEeCXXZd3jaTx/NNXkeLfoVklO6Gw3rw==
  dependencies:
    binaryen "93.0.0-nightly.20200609"
    long "^4.0.0"

binaryen@93.0.0-nightly.20200609:
  version "93.0.0-nightly.20200609"
  resolved "https://registry.yarnpkg.com/binaryen/-/binaryen-93.0.0-nightly.20200609.tgz#e7c9211911c0cff94b8682e895e4de630f110cd5"
  integrity sha512-CIaeav05u+fWRN2h1ecwIoSaOF/Mk6U85M/G6eg1nOHAXYYmOuh9TztF9Fu8krRWnl98J3W+VfDClApMV5zCtw==

long@^4.0.0:
  version "4.0.0"
  resolved "https://registry.yarnpkg.com/long/-/long-4.0.0.tgz#9a7b71cfb7d361a194ea555241c92f7468d5bf28"
  integrity sha512-XsP+KhQif4bjX1kbuSiySJFNAehNxgLb6hPRGJ9QsUr8ajHkuXGdrHmFUTUUXhDwVX2R5bY4JNZEwbUiMhV+MA==
